
Microsoft Visual Studio Solution File, Format Version 12.00
# Visual Studio Version 17
VisualStudioVersion = 17.14.36915.13 d17.14
MinimumVisualStudioVersion = 10.0.40219.1
Project("{FAE04EC0-301F-11D3-BF4B-00C04F79EFBC}") = "SV22T1020149.Admin", "SV22T1020149.Admin\SV22T1020149.Admin.csproj", "{97A01AE1-170A-4F1B-9772-27482360C97B}"
	ProjectSection(ProjectDependencies) = postProject
		{4D35712A-6665-4746-8792-78804F50A01C} = {4D35712A-6665-4746-8792-78804F50A01C}
		{785BA07E-30A5-4E46-8F67-BB784DE7F20F} = {785BA07E-30A5-4E46-8F67-BB784DE7F20F}
		{E8157AA1-70EA-4414-8334-9E519F6DE86A} = {E8157AA1-70EA-4414-8334-9E519F6DE86A}
	EndProjectSection
EndProject
Project("{FAE04EC0-301F-11D3-BF4B-00C04F79EFBC}") = "SV22T1020149.Shop", "SV22T1020149.Shop\SV22T1020149.Shop.csproj", "{0238EB1D-3C3A-42ED-9BC4-9A9931996C52}"
EndProject
Project("{2150E333-8FDC-42A3-9474-1A3956D46DE8}") = "Applications", "Applications", "{02EA681E-C7D8-13C7-8484-4AC65E1B71E8}"
EndProject
Project("{2150E333-8FDC-42A3-9474-1A3956D46DE8}") = "Libraries", "Libraries", "{36355B27-8E77-4E22-8BE5-8537528A955A}"
EndProject
Project("{FAE04EC0-301F-11D3-BF4B-00C04F79EFBC}") = "SV22T1020149.BussinessLayers", "SV22T1020149.BussinessLayers\SV22T1020149.BussinessLayers.csproj", "{785BA07E-30A5-4E46-8F67-BB784DE7F20F}"
EndProject
Project("{FAE04EC0-301F-11D3-BF4B-00C04F79EFBC}") = "SV22T1020149.Datalayers", "SV22T1020149.Datalayers\SV22T1020149.Datalayers.csproj", "{E8157AA1-70EA-4414-8334-9E519F6DE86A}"
EndProject
Project("{FAE04EC0-301F-11D3-BF4B-00C04F79EFBC}") = "SV22T1020149.Models", "SV22T1020149.Models\SV22T1020149.Models.csproj", "{4D35712A-6665-4746-8792-78804F50A01C}"
EndProject
Project("{2150E333-8FDC-42A3-9474-1A3956D46DE8}") = "Notes", "Notes", "{8A549D8F-0DFC-4BC3-AD88-11FD7B0A34B4}"
	ProjectSection(SolutionItems) = preProject
		log = log
	EndProjectSection
EndProject
Global
	GlobalSection(SolutionConfigurationPlatforms) = preSolution
		Debug|Any CPU = Debug|Any CPU
		Release|Any CPU = Release|Any CPU
	EndGlobalSection
	GlobalSection(ProjectConfigurationPlatforms) = postSolution
		{97A01AE1-170A-4F1B-9772-27482360C97B}.Debug|Any CPU.ActiveCfg = Debug|Any CPU
		{97A01AE1-170A-4F1B-9772-27482360C97B}.Debug|Any CPU.Build.0 = Debug|Any CPU
		{97A01AE1-170A-4F1B-9772-27482360C97B}.Release|Any CPU.ActiveCfg = Release|Any CPU
		{97A01AE1-170A-4F1B-9772-27482360C97B}.Release|Any CPU.Build.0 = Release|Any CPU
		{0238EB1D-3C3A-42ED-9BC4-9A9931996C52}.Debug|Any CPU.ActiveCfg = Debug|Any CPU
		{0238EB1D-3C3A-42ED-9BC4-9A9931996C52}.Debug|Any CPU.Build.0 = Debug|Any CPU
		{0238EB1D-3C3A-42ED-9BC4-9A9931996C52}.Release|Any CPU.ActiveCfg = Release|Any CPU
		{0238EB1D-3C3A-42ED-9BC4-9A9931996C52}.Release|Any CPU.Build.0 = Release|Any CPU
		{785BA07E-30A5-4E46-8F67-BB784DE7F20F}.Debug|Any CPU.ActiveCfg = Debug|Any CPU
		{785BA07E-30A5-4E46-8F67-BB784DE7F20F}.Debug|Any CPU.Build.0 = Debug|Any CPU
		{785BA07E-30A5-4E46-8F67-BB784DE7F20F}.Release|Any CPU.ActiveCfg = Release|Any CPU
		{785BA07E-30A5-4E46-8F67-BB784DE7F20F}.Release|Any CPU.Build.0 = Release|Any CPU
		{E8157AA1-70EA-4414-8334-9E519F6DE86A}.Debug|Any CPU.ActiveCfg = Debug|Any CPU
		{E8157AA1-70EA-4414-8334-9E519F6DE86A}.Debug|Any CPU.Build.0 = Debug|Any CPU
		{E8157AA1-70EA-4414-8334-9E519F6DE86A}.Release|Any CPU.ActiveCfg = Release|Any CPU
		{E8157AA1-70EA-4414-8334-9E519F6DE86A}.Release|Any CPU.Build.0 = Release|Any CPU
		{4D35712A-6665-4746-8792-78804F50A01C}.Debug|Any CPU.ActiveCfg = Debug|Any CPU
		{4D35712A-6665-4746-8792-78804F50A01C}.Debug|Any CPU.Build.0 = Debug|Any CPU
		{4D35712A-6665-4746-8792-78804F50A01C}.Release|Any CPU.ActiveCfg = Release|Any CPU
		{4D35712A-6665-4746-8792-78804F50A01C}.Release|Any CPU.Build.0 = Release|Any CPU
	EndGlobalSection
	GlobalSection(SolutionProperties) = preSolution
		HideSolutionNode = FALSE
	EndGlobalSection
	GlobalSection(NestedProjects) = preSolution
		{97A01AE1-170A-4F1B-9772-27482360C97B} = {02EA681E-C7D8-13C7-8484-4AC65E1B71E8}
		{0238EB1D-3C3A-42ED-9BC4-9A9931996C52} = {02EA681E-C7D8-13C7-8484-4AC65E1B71E8}
		{785BA07E-30A5-4E46-8F67-BB784DE7F20F} = {36355B27-8E77-4E22-8BE5-8537528A955A}
		{E8157AA1-70EA-4414-8334-9E519F6DE86A} = {36355B27-8E77-4E22-8BE5-8537528A955A}
		{4D35712A-6665-4746-8792-78804F50A01C} = {36355B27-8E77-4E22-8BE5-8537528A955A}
	EndGlobalSection
	GlobalSection(ExtensibilityGlobals) = postSolution
		SolutionGuid = {E19C0EED-32CF-4F79-9C16-0AD9D47CA302}
	EndGlobalSection
EndGlobal
